// !$*UTF8*$!
{
	archiveVersion = 1;
	classes = {
	};
	objectVersion = 46;
	objects = {

/* Begin PBXBuildFile section */
		5534B7C51E2B59DA0020604F /* AppDelegate.swift in Sources */ = {isa = PBXBuildFile; fileRef = 5534B7C41E2B59DA0020604F /* AppDelegate.swift */; };
		5534B7C71E2B59DA0020604F /* Assets.xcassets in Resources */ = {isa = PBXBuildFile; fileRef = 5534B7C61E2B59DA0020604F /* Assets.xcassets */; };
		5534B7CA1E2B59DA0020604F /* MainMenu.xib in Resources */ = {isa = PBXBuildFile; fileRef = 5534B7C81E2B59DA0020604F /* MainMenu.xib */; };
		5534B7D21E2B5E850020604F /* Chip8.swift in Sources */ = {isa = PBXBuildFile; fileRef = 5534B7D11E2B5E850020604F /* Chip8.swift */; };
		5573726B1E2DBD5600D6DACF /* Chip8View.swift in Sources */ = {isa = PBXBuildFile; fileRef = 5573726A1E2DBD5600D6DACF /* Chip8View.swift */; };
/* End PBXBuildFile section */

/* Begin PBXFileReference section */
		5534B7C11E2B59DA0020604F /* ChipLate.app */ = {isa = PBXFileReference; explicitFileType = wrapper.application; includeInIndex = 0; path = ChipLate.app; sourceTree = BUILT_PRODUCTS_DIR; };
		5534B7C41E2B59DA0020604F /* AppDelegate.swift */ = {isa = PBXFileReference; lastKnownFileType = sourcecode.swift; path = AppDelegate.swift; sourceTree = "<group>"; };
		5534B7C61E2B59DA0020604F /* Assets.xcassets */ = {isa = PBXFileReference; lastKnownFileType = folder.assetcatalog; path = Assets.xcassets; sourceTree = "<group>"; };
		5534B7C91E2B59DA0020604F /* Base */ = {isa = PBXFileReference; lastKnownFileType = file.xib; name = Base; path = Base.lproj/MainMenu.xib; sourceTree = "<group>"; };
		5534B7CB1E2B59DA0020604F /* Info.plist */ = {isa = PBXFileReference; lastKnownFileType = text.plist.xml; path = Info.plist; sourceTree = "<group>"; };
		5534B7D11E2B5E850020604F /* Chip8.swift */ = {isa = PBXFileReference; fileEncoding = 4; lastKnownFileType = sourcecode.swift; path = Chip8.swift; sourceTree = "<group>"; };
		5573726A1E2DBD5600D6DACF /* Chip8View.swift */ = {isa = PBXFileReference; fileEncoding = 4; lastKnownFileType = sourcecode.swift; name = Chip8View.swift; path = ../Chip8View.swift; sourceTree = "<group>"; };
/* End PBXFileReference section */

/* Begin PBXFrameworksBuildPhase section */
		5534B7BE1E2B59DA0020604F /* Frameworks */ = {
			isa = PBXFrameworksBuildPhase;
			buildActionMask = 2147483647;
			files = (
			);
			runOnlyForDeploymentPostprocessing = 0;
		};
/* End PBXFrameworksBuildPhase section */

/* Begin PBXGroup section */
		5534B7B81E2B59DA0020604F = {
			isa = PBXGroup;
			children = (
				5534B7C31E2B59DA0020604F /* ChipLate */,
				5534B7C21E2B59DA0020604F /* Products */,
			);
			sourceTree = "<group>";
		};
		5534B7C21E2B59DA0020604F /* Products */ = {
			isa = PBXGroup;
			children = (
				5534B7C11E2B59DA0020604F /* ChipLate.app */,
			);
			name = Products;
			sourceTree = "<group>";
		};
		5534B7C31E2B59DA0020604F /* ChipLate */ = {
			isa = PBXGroup;
			children = (
				5573726A1E2DBD5600D6DACF /* Chip8View.swift */,
				5534B7C41E2B59DA0020604F /* AppDelegate.swift */,
				5534B7D11E2B5E850020604F /* Chip8.swift */,
				5534B7C61E2B59DA0020604F /* Assets.xcassets */,
				5534B7C81E2B59DA0020604F /* MainMenu.xib */,
				5534B7CB1E2B59DA0020604F /* Info.plist */,
			);
			path = ChipLate;
			sourceTree = "<group>";
		};
/* End PBXGroup section */

/* Begin PBXNativeTarget section */
		5534B7C01E2B59DA0020604F /* ChipLate */ = {
			isa = PBXNativeTarget;
			buildConfigurationList = 5534B7CE1E2B59DA0020604F /* Build configuration list for PBXNativeTarget "ChipLate" */;
			buildPhases = (
				5534B7BD1E2B59DA0020604F /* Sources */,
				5534B7BE1E2B59DA0020604F /* Frameworks */,
				5534B7BF1E2B59DA0020604F /* Resources */,
			);
			buildRules = (
			);
			dependencies = (
			);
			name = ChipLate;
			productName = ChipLate;
			productReference = 5534B7C11E2B59DA0020604F /* ChipLate.app */;
			productType = "com.apple.product-type.application";
		};
/* End PBXNativeTarget section */

/* Begin PBXProject section */
		5534B7B91E2B59DA0020604F /* Project object */ = {
			isa = PBXProject;
			attributes = {
				LastSwiftUpdateCheck = 0820;
				LastUpgradeCheck = 1020;
				ORGANIZATIONNAME = "David Kopec";
				TargetAttributes = {
					5534B7C01E2B59DA0020604F = {
						CreatedOnToolsVersion = 8.2.1;
						DevelopmentTeam = 59VX8JQ7R6;
						LastSwiftMigration = 1020;
						ProvisioningStyle = Automatic;
					};
				};
			};
			buildConfigurationList = 5534B7BC1E2B59DA0020604F /* Build configuration list for PBXProject "ChipLate" */;
			compatibilityVersion = "Xcode 3.2";
			developmentRegion = en;
			hasScannedForEncodings = 0;
			knownRegions = (
				en,
				Base,
			);
			mainGroup = 5534B7B81E2B59DA0020604F;
			productRefGroup = 5534B7C21E2B59DA0020604F /* Products */;
			projectDirPath = "";
			projectRoot = "";
			targets = (
				5534B7C01E2B59DA0020604F /* ChipLate */,
			);
		};
/* End PBXProject section */

/* Begin PBXResourcesBuildPhase section */
		5534B7BF1E2B59DA0020604F /* Resources */ = {
			isa = PBXResourcesBuildPhase;
			buildActionMask = 2147483647;
			files = (
				5534B7C71E2B59DA0020604F /* Assets.xcassets in Resources */,
				5534B7CA1E2B59DA0020604F /* MainMenu.xib in Resources */,
			);
			runOnlyForDeploymentPostprocessing = 0;
		};
/* End PBXResourcesBuildPhase section */

/* Begin PBXSourcesBuildPhase section */
		5534B7BD1E2B59DA0020604F /* Sources */ = {
			isa = PBXSourcesBuildPhase;
			buildActionMask = 2147483647;
			files = (
				5573726B1E2DBD5600D6DACF /* Chip8View.swift in Sources */,
				5534B7D21E2B5E850020604F /* Chip8.swift in Sources */,
				5534B7C51E2B59DA0020604F /* AppDelegate.swift in Sources */,
			);
			runOnlyForDeploymentPostprocessing = 0;
		};
/* End PBXSourcesBuildPhase section */

/* Begin PBXVariantGroup section */
		5534B7C81E2B59DA0020604F /* MainMenu.xib */ = {
			isa = PBXVariantGroup;
			children = (
				5534B7C91E2B59DA0020604F /* Base */,
			);
			name = MainMenu.xib;
			sourceTree = "<group>";
		};
/* End PBXVariantGroup section */

/* Begin XCBuildConfiguration section */
		5534B7CC1E2B59DA0020604F /* Debug */ = {
			isa = XCBuildConfiguration;
			buildSettings = {
				ALWAYS_SEARCH_USER_PATHS = NO;
				CLANG_ANALYZER_NONNULL = YES;
				CLANG_CXX_LANGUAGE_STANDARD = "gnu++0x";
				CLANG_CXX_LIBRARY = "libc++";
				CLANG_ENABLE_MODULES = YES;
				CLANG_ENABLE_OBJC_ARC = YES;
				CLANG_WARN_BLOCK_CAPTURE_AUTORELEASING = YES;
				CLANG_WARN_BOOL_CONVERSION = YES;
				CLANG_WARN_COMMA = YES;
				CLANG_WARN_CONSTANT_CONVERSION = YES;
				CLANG_WARN_DEPRECATED_OBJC_IMPLEMENTATIONS = YES;
				CLANG_WARN_DIRECT_OBJC_ISA_USAGE = YES_ERROR;
				CLANG_WARN_DOCUMENTATION_COMMENTS = YES;
				CLANG_WARN_EMPTY_BODY = YES;
				CLANG_WARN_ENUM_CONVERSION = YES;
				CLANG_WARN_INFINITE_RECURSION = YES;
				CLANG_WARN_INT_CONVERSION = YES;
				CLANG_WARN_NON_LITERAL_NULL_CONVERSION = YES;
				CLANG_WARN_OBJC_IMPLICIT_RETAIN_SELF = YES;
				CLANG_WARN_OBJC_LITERAL_CONVERSION = YES;
				CLANG_WARN_OBJC_ROOT_CLASS = YES_ERROR;
				CLANG_WARN_RANGE_LOOP_ANALYSIS = YES;
				CLANG_WARN_STRICT_PROTOTYPES = YES;
				CLANG_WARN_SUSPICIOUS_MOVE = YES;
				CLANG_WARN_UNREACHABLE_CODE = YES;
				CLANG_WARN__DUPLICATE_METHOD_MATCH = YES;
				CODE_SIGN_IDENTITY = "-";
				COPY_PHASE_STRIP = NO;
				DEBUG_INFORMATION_FORMAT = dwarf;
				ENABLE_STRICT_OBJC_MSGSEND = YES;
				ENABLE_TESTABILITY = YES;
				GCC_C_LANGUAGE_STANDARD = gnu99;
				GCC_DYNAMIC_NO_PIC = NO;
				GCC_NO_COMMON_BLOCKS = YES;
				GCC_OPTIMIZATION_LEVEL = 0;
				GCC_PREPROCESSOR_DEFINITIONS = (
					"DEBUG=1",
					"$(inherited)",
				);
				GCC_WARN_64_TO_32_BIT_CONVERSION = YES;
				GCC_WARN_ABOUT_RETURN_TYPE = YES_ERROR;
				GCC_WARN_UNDECLARED_SELECTOR = YES;
				GCC_WARN_UNINITIALIZED_AUTOS = YES_AGGRESSIVE;
				GCC_WARN_UNUSED_FUNCTION = YES;
				GCC_WARN_UNUSED_VARIABLE = YES;
				MACOSX_DEPLOYMENT_TARGET = 10.12;
				MTL_ENABLE_DEBUG_INFO = YES;
				ONLY_ACTIVE_ARCH = YES;
				SDKROOT = macosx;
				SWIFT_ACTIVE_COMPILATION_CONDITIONS = DEBUG;
				SWIFT_OPTIMIZATION_LEVEL = "-Onone";
			};
			name = Debug;
		};
		5534B7CD1E2B59DA0020604F /* Release */ = {
			isa = XCBuildConfiguration;
			buildSettings = {
				ALWAYS_SEARCH_USER_PATHS = NO;
				CLANG_ANALYZER_NONNULL = YES;
				CLANG_CXX_LANGUAGE_STANDARD = "gnu++0x";
				CLANG_CXX_LIBRARY = "libc++";
				CLANG_ENABLE_MODULES = YES;
				CLANG_ENABLE_OBJC_ARC = YES;
				CLANG_WARN_BLOCK_CAPTURE_AUTORELEASING = YES;
				CLANG_WARN_BOOL_CONVERSION = YES;
				CLANG_WARN_COMMA = YES;
				CLANG_WARN_CONSTANT_CONVERSION = YES;
				CLANG_WARN_DEPRECATED_OBJC_IMPLEMENTATIONS = YES;
				CLANG_WARN_DIRECT_OBJC_ISA_USAGE = YES_ERROR;
				CLANG_WARN_DOCUMENTATION_COMMENTS = YES;
				CLANG_WARN_EMPTY_BODY = YES;
				CLANG_WARN_ENUM_CONVERSION = YES;
				CLANG_WARN_INFINITE_RECURSION = YES;
				CLANG_WARN_INT_CONVERSION = YES;
				CLANG_WARN_NON_LITERAL_NULL_CONVERSION = YES;
				CLANG_WARN_OBJC_IMPLICIT_RETAIN_SELF = YES;
				CLANG_WARN_OBJC_LITERAL_CONVERSION = YES;
				CLANG_WARN_OBJC_ROOT_CLASS = YES_ERROR;
				CLANG_WARN_RANGE_LOOP_ANALYSIS = YES;
				CLANG_WARN_STRICT_PROTOTYPES = YES;
				CLANG_WARN_SUSPICIOUS_MOVE = YES;
				CLANG_WARN_UNREACHABLE_CODE = YES;
				CLANG_WARN__DUPLICATE_METHOD_MATCH = YES;
				CODE_SIGN_IDENTITY = "-";
				COPY_PHASE_STRIP = NO;
				DEBUG_INFORMATION_FORMAT = "dwarf-with-dsym";
				ENABLE_NS_ASSERTIONS = NO;
				ENABLE_STRICT_OBJC_MSGSEND = YES;
				GCC_C_LANGUAGE_STANDARD = gnu99;
				GCC_NO_COMMON_BLOCKS = YES;
				GCC_WARN_64_TO_32_BIT_CONVERSION = YES;
				GCC_WARN_ABOUT_RETURN_TYPE = YES_ERROR;
				GCC_WARN_UNDECLARED_SELECTOR = YES;
				GCC_WARN_UNINITIALIZED_AUTOS = YES_AGGRESSIVE;
				GCC_WARN_UNUSED_FUNCTION = YES;
				GCC_WARN_UNUSED_VARIABLE = YES;
				MACOSX_DEPLOYMENT_TARGET = 10.12;
				MTL_ENABLE_DEBUG_INFO = NO;
				SDKROOT = macosx;
				SWIFT_OPTIMIZATION_LEVEL = "-Owholemodule";
			};
			name = Release;
		};
		5534B7CF1E2B59DA0020604F /* Debug */ = {
			isa = XCBuildConfiguration;
			buildSettings = {
				ASSETCATALOG_COMPILER_APPICON_NAME = AppIcon;
				COMBINE_HIDPI_IMAGES = YES;
				DEVELOPMENT_TEAM = 59VX8JQ7R6;
				INFOPLIST_FILE = ChipLate/Info.plist;
				LD_RUNPATH_SEARCH_PATHS = "$(inherited) @executable_path/../Frameworks";
				PRODUCT_BUNDLE_IDENTIFIER = com.oaksnow.ChipLate;
				PRODUCT_NAME = "$(TARGET_NAME)";
				SWIFT_VERSION = 5.0;
			};
			name = Debug;
		};
		5534B7D01E2B59DA0020604F /* Release */ = {
			isa = XCBuildConfiguration;
			buildSettings = {
				ASSETCATALOG_COMPILER_APPICON_NAME = AppIcon;
				COMBINE_HIDPI_IMAGES = YES;
				DEVELOPMENT_TEAM = 59VX8JQ7R6;
				INFOPLIST_FILE = ChipLate/Info.plist;
				LD_RUNPATH_SEARCH_PATHS = "$(inherited) @executable_path/../Frameworks";
				PRODUCT_BUNDLE_IDENTIFIER = com.oaksnow.ChipLate;
				PRODUCT_NAME = "$(TARGET_NAME)";
				SWIFT_VERSION = 5.0;
			};
			name = Release;
		};
/* End XCBuildConfiguration section */

/* Begin XCConfigurationList section */
		5534B7BC1E2B59DA0020604F /* Build configuration list for PBXProject "ChipLate" */ = {
			isa = XCConfigurationList;
			buildConfigurations = (
				5534B7CC1E2B59DA0020604F /* Debug */,
				5534B7CD1E2B59DA0020604F /* Release */,
			);
			defaultConfigurationIsVisible = 0;
			defaultConfigurationName = Release;
		};
		5534B7CE1E2B59DA0020604F /* Build configuration list for PBXNativeTarget "ChipLate" */ = {
			isa = XCConfigurationList;
			buildConfigurations = (
				5534B7CF1E2B59DA0020604F /* Debug */,
				5534B7D01E2B59DA0020604F /* Release */,
			);
			defaultConfigurationIsVisible = 0;
			defaultConfigurationName = Release;
		};
/* End XCConfigurationList section */
	};
	rootObject = 5534B7B91E2B59DA0020604F /* Project object */;
}
